
Microsoft Visual Studio Solution File, Format Version 12.00
# Visual Studio 15
VisualStudioVersion = 15.0.27703.2035
MinimumVisualStudioVersion = 10.0.40219.1
Project("{9A19103F-16F7-4668-BE54-9A1E7A4F7556}") = "MoneyM", "MoneyM\MoneyM.csproj", "{AF142D46-A0E1-4F12-87D8-D5669FC76EA3}"
EndProject
Project("{9A19103F-16F7-4668-BE54-9A1E7A4F7556}") = "MoneyUUI", "MoneyUI\MoneyUI.csproj", "{B554C8A6-7D08-4E7E-9640-CF88E0388DD6}"
EndProject
Global
	GlobalSection(SolutionConfigurationPlatforms) = preSolution
		Debug|Any CPU = Debug|Any CPU
		Release|Any CPU = Release|Any CPU
	EndGlobalSection
	GlobalSection(ProjectConfigurationPlatforms) = postSolution
		{AF142D46-A0E1-4F12-87D8-D5669FC76EA3}.Debug|Any CPU.ActiveCfg = Debug|Any CPU
		{AF142D46-A0E1-4F12-87D8-D5669FC76EA3}.Debug|Any CPU.Build.0 = Debug|Any CPU
		{AF142D46-A0E1-4F12-87D8-D5669FC76EA3}.Release|Any CPU.ActiveCfg = Release|Any CPU
		{AF142D46-A0E1-4F12-87D8-D5669FC76EA3}.Release|Any CPU.Build.0 = Release|Any CPU
		{B554C8A6-7D08-4E7E-9640-CF88E0388DD6}.Debug|Any CPU.ActiveCfg = Debug|Any CPU
		{B554C8A6-7D08-4E7E-9640-CF88E0388DD6}.Debug|Any CPU.Build.0 = Debug|Any CPU
		{B554C8A6-7D08-4E7E-9640-CF88E0388DD6}.Release|Any CPU.ActiveCfg = Release|Any CPU
		{B554C8A6-7D08-4E7E-9640-CF88E0388DD6}.Release|Any CPU.Build.0 = Release|Any CPU
	EndGlobalSection
	GlobalSection(SolutionProperties) = preSolution
		HideSolutionNode = FALSE
	EndGlobalSection
	GlobalSection(ExtensibilityGlobals) = postSolution
		SolutionGuid = {4507F659-B4B3-4B93-94E7-8BB28B4B9324}
	EndGlobalSection
EndGlobal
